{
  "requires": true,
  "lockfileVersion": 1,
  "dependencies": {
    "cron-parser": {
      "version": "1.1.0",
      "resolved": "https://registry.npmjs.org/cron-parser/-/cron-parser-1.1.0.tgz",
      "integrity": "sha1-B1uExFnBVejEgqtNVq/5na5YNS4="
    },
    "lodash": {
      "version": "4.17.10",
      "resolved": "https://registry.npmjs.org/lodash/-/lodash-4.17.10.tgz",
      "integrity": "sha512-UejweD1pDoXu+AD825lWwp4ZGtSwgnpZxb3JDViD7StjQz+Nb/6l093lx4OQ0foGWNRoc19mWy7BzL+UAK2iVg=="
    },
    "long-timeout": {
      "version": "0.0.2",
      "resolved": "https://registry.npmjs.org/long-timeout/-/long-timeout-0.0.2.tgz",
      "integrity": "sha1-82RJuolinROnorJSOk253Wbj/2g="
    },
    "node-schedule": {
      "version": "1.2.0",
      "resolved": "https://registry.npmjs.org/node-schedule/-/node-schedule-1.2.0.tgz",
      "integrity": "sha1-8D1OvnGwVz4XCN2uCqRdFlhFDPE=",
      "requires": {
        "cron-parser": "1.1.0",
        "long-timeout": "0.0.2"
      }
    }
  }
}
